
Microsoft Visual Studio Solution File, Format Version 12.00
# Visual Studio Version 16
VisualStudioVersion = 16.0.31624.102
MinimumVisualStudioVersion = 10.0.40219.1
Project("{FAE04EC0-301F-11D3-BF4B-00C04F79EFBC}") = "DevTest1", "DevTest1.csproj", "{DC7880F4-3AF2-4272-B27E-E721868DB14A}"
EndProject
Global
	GlobalSection(SolutionConfigurationPlatforms) = preSolution
		Debug|Any CPU = Debug|Any CPU
		Release|Any CPU = Release|Any CPU
	EndGlobalSection
	GlobalSection(ProjectConfigurationPlatforms) = postSolution
		{DC7880F4-3AF2-4272-B27E-E721868DB14A}.Debug|Any CPU.ActiveCfg = Debug|Any CPU
		{DC7880F4-3AF2-4272-B27E-E721868DB14A}.Debug|Any CPU.Build.0 = Debug|Any CPU
		{DC7880F4-3AF2-4272-B27E-E721868DB14A}.Release|Any CPU.ActiveCfg = Release|Any CPU
		{DC7880F4-3AF2-4272-B27E-E721868DB14A}.Release|Any CPU.Build.0 = Release|Any CPU
	EndGlobalSection
	GlobalSection(SolutionProperties) = preSolution
		HideSolutionNode = FALSE
	EndGlobalSection
	GlobalSection(ExtensibilityGlobals) = postSolution
		SolutionGuid = {C904AD0E-9F62-4B1D-9221-078BF54D6FB7}
	EndGlobalSection
EndGlobal
